
Microsoft Visual Studio Solution File, Format Version 12.00
# Visual Studio Version 16
VisualStudioVersion = 16.0.31702.278
MinimumVisualStudioVersion = 10.0.40219.1
Project("{FAE04EC0-301F-11D3-BF4B-00C04F79EFBC}") = "Aufg1", "Aufg1\Aufg1.csproj", "{FD262CEC-DD6F-4DA3-94A0-FC66ED9B64B5}"
EndProject
Project("{FAE04EC0-301F-11D3-BF4B-00C04F79EFBC}") = "Aufg2", "Aufg2\Aufg2.csproj", "{8CD51CE9-1747-43FE-82A1-2D051179CAA5}"
EndProject
Project("{FAE04EC0-301F-11D3-BF4B-00C04F79EFBC}") = "Aufg3", "Aufg3\Aufg3.csproj", "{E48E1C0A-1960-4159-B9E4-13346E6F4C3F}"
EndProject
Project("{FAE04EC0-301F-11D3-BF4B-00C04F79EFBC}") = "Aufg5", "Aufg5\Aufg5.csproj", "{62F22595-C9BF-497F-B07B-14CD4C9FA393}"
EndProject
Project("{FAE04EC0-301F-11D3-BF4B-00C04F79EFBC}") = "Aufg6", "Aufg6\Aufg6.csproj", "{4E63FCDB-FBB8-41E8-966E-BACD7D989465}"
EndProject
Project("{FAE04EC0-301F-11D3-BF4B-00C04F79EFBC}") = "Aufg7", "Aufg7\Aufg7.csproj", "{8F52F587-7C9A-4329-B24A-DB245001394D}"
EndProject
Project("{FAE04EC0-301F-11D3-BF4B-00C04F79EFBC}") = "Aufg10", "Aufg10\Aufg10.csproj", "{9B60F3D3-125E-4C60-AAA3-1681D5C96667}"
EndProject
Project("{FAE04EC0-301F-11D3-BF4B-00C04F79EFBC}") = "Aufg9", "Aufg9\Aufg9.csproj", "{137E3FC5-A2F7-4BCC-847D-2508DE65BE1A}"
EndProject
Project("{FAE04EC0-301F-11D3-BF4B-00C04F79EFBC}") = "Aufg11", "Aufg11\Aufg11.csproj", "{78D34A85-B40C-4462-AAC4-DD20FE81B32F}"
EndProject
Project("{FAE04EC0-301F-11D3-BF4B-00C04F79EFBC}") = "Aufg12", "Aufg12\Aufg12.csproj", "{B7B5E788-D533-480D-B3AA-BD77E420E2DA}"
EndProject
Project("{FAE04EC0-301F-11D3-BF4B-00C04F79EFBC}") = "Aufg13", "Aufg13\Aufg13.csproj", "{ACCE5D23-EE1C-4CC8-96F7-073DE1376F1F}"
EndProject
Project("{FAE04EC0-301F-11D3-BF4B-00C04F79EFBC}") = "Aufg14", "Aufg14\Aufg14.csproj", "{5F2129F4-DFF6-4268-BA77-141FD7D3C532}"
EndProject
Project("{FAE04EC0-301F-11D3-BF4B-00C04F79EFBC}") = "Aufg15", "Aufg15\Aufg15.csproj", "{1148E9B1-CA3B-45CC-8333-FE8E4245864D}"
EndProject
Project("{FAE04EC0-301F-11D3-BF4B-00C04F79EFBC}") = "Aufg16", "Aufg16\Aufg16.csproj", "{DBE93FBC-3696-458D-AF42-72A36B26FA96}"
EndProject
Project("{FAE04EC0-301F-11D3-BF4B-00C04F79EFBC}") = "Aufg17", "Aufg17\Aufg17.csproj", "{E35D726C-F2C1-4131-B64E-67C9C67C26A4}"
EndProject
Project("{FAE04EC0-301F-11D3-BF4B-00C04F79EFBC}") = "Aufg18", "Aufg18\Aufg18.csproj", "{A230D42D-F665-46F5-AD30-C73AF3010A52}"
EndProject
Project("{FAE04EC0-301F-11D3-BF4B-00C04F79EFBC}") = "Aufg19", "Aufg19\Aufg19.csproj", "{59E2FD60-9667-41BD-A540-62C2C7F15F38}"
EndProject
Global
	GlobalSection(SolutionConfigurationPlatforms) = preSolution
		Debug|Any CPU = Debug|Any CPU
		Release|Any CPU = Release|Any CPU
	EndGlobalSection
	GlobalSection(ProjectConfigurationPlatforms) = postSolution
		{FD262CEC-DD6F-4DA3-94A0-FC66ED9B64B5}.Debug|Any CPU.ActiveCfg = Debug|Any CPU
		{FD262CEC-DD6F-4DA3-94A0-FC66ED9B64B5}.Debug|Any CPU.Build.0 = Debug|Any CPU
		{FD262CEC-DD6F-4DA3-94A0-FC66ED9B64B5}.Release|Any CPU.ActiveCfg = Release|Any CPU
		{FD262CEC-DD6F-4DA3-94A0-FC66ED9B64B5}.Release|Any CPU.Build.0 = Release|Any CPU
		{8CD51CE9-1747-43FE-82A1-2D051179CAA5}.Debug|Any CPU.ActiveCfg = Debug|Any CPU
		{8CD51CE9-1747-43FE-82A1-2D051179CAA5}.Debug|Any CPU.Build.0 = Debug|Any CPU
		{8CD51CE9-1747-43FE-82A1-2D051179CAA5}.Release|Any CPU.ActiveCfg = Release|Any CPU
		{8CD51CE9-1747-43FE-82A1-2D051179CAA5}.Release|Any CPU.Build.0 = Release|Any CPU
		{E48E1C0A-1960-4159-B9E4-13346E6F4C3F}.Debug|Any CPU.ActiveCfg = Debug|Any CPU
		{E48E1C0A-1960-4159-B9E4-13346E6F4C3F}.Debug|Any CPU.Build.0 = Debug|Any CPU
		{E48E1C0A-1960-4159-B9E4-13346E6F4C3F}.Release|Any CPU.ActiveCfg = Release|Any CPU
		{E48E1C0A-1960-4159-B9E4-13346E6F4C3F}.Release|Any CPU.Build.0 = Release|Any CPU
		{62F22595-C9BF-497F-B07B-14CD4C9FA393}.Debug|Any CPU.ActiveCfg = Debug|Any CPU
		{62F22595-C9BF-497F-B07B-14CD4C9FA393}.Debug|Any CPU.Build.0 = Debug|Any CPU
		{62F22595-C9BF-497F-B07B-14CD4C9FA393}.Release|Any CPU.ActiveCfg = Release|Any CPU
		{62F22595-C9BF-497F-B07B-14CD4C9FA393}.Release|Any CPU.Build.0 = Release|Any CPU
		{4E63FCDB-FBB8-41E8-966E-BACD7D989465}.Debug|Any CPU.ActiveCfg = Debug|Any CPU
		{4E63FCDB-FBB8-41E8-966E-BACD7D989465}.Debug|Any CPU.Build.0 = Debug|Any CPU
		{4E63FCDB-FBB8-41E8-966E-BACD7D989465}.Release|Any CPU.ActiveCfg = Release|Any CPU
		{4E63FCDB-FBB8-41E8-966E-BACD7D989465}.Release|Any CPU.Build.0 = Release|Any CPU
		{8F52F587-7C9A-4329-B24A-DB245001394D}.Debug|Any CPU.ActiveCfg = Debug|Any CPU
		{8F52F587-7C9A-4329-B24A-DB245001394D}.Debug|Any CPU.Build.0 = Debug|Any CPU
		{8F52F587-7C9A-4329-B24A-DB245001394D}.Release|Any CPU.ActiveCfg = Release|Any CPU
		{8F52F587-7C9A-4329-B24A-DB245001394D}.Release|Any CPU.Build.0 = Release|Any CPU
		{9B60F3D3-125E-4C60-AAA3-1681D5C96667}.Debug|Any CPU.ActiveCfg = Debug|Any CPU
		{9B60F3D3-125E-4C60-AAA3-1681D5C96667}.Debug|Any CPU.Build.0 = Debug|Any CPU
		{9B60F3D3-125E-4C60-AAA3-1681D5C96667}.Release|Any CPU.ActiveCfg = Release|Any CPU
		{9B60F3D3-125E-4C60-AAA3-1681D5C96667}.Release|Any CPU.Build.0 = Release|Any CPU
		{137E3FC5-A2F7-4BCC-847D-2508DE65BE1A}.Debug|Any CPU.ActiveCfg = Debug|Any CPU
		{137E3FC5-A2F7-4BCC-847D-2508DE65BE1A}.Debug|Any CPU.Build.0 = Debug|Any CPU
		{137E3FC5-A2F7-4BCC-847D-2508DE65BE1A}.Release|Any CPU.ActiveCfg = Release|Any CPU
		{137E3FC5-A2F7-4BCC-847D-2508DE65BE1A}.Release|Any CPU.Build.0 = Release|Any CPU
		{78D34A85-B40C-4462-AAC4-DD20FE81B32F}.Debug|Any CPU.ActiveCfg = Debug|Any CPU
		{78D34A85-B40C-4462-AAC4-DD20FE81B32F}.Debug|Any CPU.Build.0 = Debug|Any CPU
		{78D34A85-B40C-4462-AAC4-DD20FE81B32F}.Release|Any CPU.ActiveCfg = Release|Any CPU
		{78D34A85-B40C-4462-AAC4-DD20FE81B32F}.Release|Any CPU.Build.0 = Release|Any CPU
		{B7B5E788-D533-480D-B3AA-BD77E420E2DA}.Debug|Any CPU.ActiveCfg = Debug|Any CPU
		{B7B5E788-D533-480D-B3AA-BD77E420E2DA}.Debug|Any CPU.Build.0 = Debug|Any CPU
		{B7B5E788-D533-480D-B3AA-BD77E420E2DA}.Release|Any CPU.ActiveCfg = Release|Any CPU
		{B7B5E788-D533-480D-B3AA-BD77E420E2DA}.Release|Any CPU.Build.0 = Release|Any CPU
		{ACCE5D23-EE1C-4CC8-96F7-073DE1376F1F}.Debug|Any CPU.ActiveCfg = Debug|Any CPU
		{ACCE5D23-EE1C-4CC8-96F7-073DE1376F1F}.Debug|Any CPU.Build.0 = Debug|Any CPU
		{ACCE5D23-EE1C-4CC8-96F7-073DE1376F1F}.Release|Any CPU.ActiveCfg = Release|Any CPU
		{ACCE5D23-EE1C-4CC8-96F7-073DE1376F1F}.Release|Any CPU.Build.0 = Release|Any CPU
		{5F2129F4-DFF6-4268-BA77-141FD7D3C532}.Debug|Any CPU.ActiveCfg = Debug|Any CPU
		{5F2129F4-DFF6-4268-BA77-141FD7D3C532}.Debug|Any CPU.Build.0 = Debug|Any CPU
		{5F2129F4-DFF6-4268-BA77-141FD7D3C532}.Release|Any CPU.ActiveCfg = Release|Any CPU
		{5F2129F4-DFF6-4268-BA77-141FD7D3C532}.Release|Any CPU.Build.0 = Release|Any CPU
		{1148E9B1-CA3B-45CC-8333-FE8E4245864D}.Debug|Any CPU.ActiveCfg = Debug|Any CPU
		{1148E9B1-CA3B-45CC-8333-FE8E4245864D}.Debug|Any CPU.Build.0 = Debug|Any CPU
		{1148E9B1-CA3B-45CC-8333-FE8E4245864D}.Release|Any CPU.ActiveCfg = Release|Any CPU
		{1148E9B1-CA3B-45CC-8333-FE8E4245864D}.Release|Any CPU.Build.0 = Release|Any CPU
		{DBE93FBC-3696-458D-AF42-72A36B26FA96}.Debug|Any CPU.ActiveCfg = Debug|Any CPU
		{DBE93FBC-3696-458D-AF42-72A36B26FA96}.Debug|Any CPU.Build.0 = Debug|Any CPU
		{DBE93FBC-3696-458D-AF42-72A36B26FA96}.Release|Any CPU.ActiveCfg = Release|Any CPU
		{DBE93FBC-3696-458D-AF42-72A36B26FA96}.Release|Any CPU.Build.0 = Release|Any CPU
		{E35D726C-F2C1-4131-B64E-67C9C67C26A4}.Debug|Any CPU.ActiveCfg = Debug|Any CPU
		{E35D726C-F2C1-4131-B64E-67C9C67C26A4}.Debug|Any CPU.Build.0 = Debug|Any CPU
		{E35D726C-F2C1-4131-B64E-67C9C67C26A4}.Release|Any CPU.ActiveCfg = Release|Any CPU
		{E35D726C-F2C1-4131-B64E-67C9C67C26A4}.Release|Any CPU.Build.0 = Release|Any CPU
		{A230D42D-F665-46F5-AD30-C73AF3010A52}.Debug|Any CPU.ActiveCfg = Debug|Any CPU
		{A230D42D-F665-46F5-AD30-C73AF3010A52}.Debug|Any CPU.Build.0 = Debug|Any CPU
		{A230D42D-F665-46F5-AD30-C73AF3010A52}.Release|Any CPU.ActiveCfg = Release|Any CPU
		{A230D42D-F665-46F5-AD30-C73AF3010A52}.Release|Any CPU.Build.0 = Release|Any CPU
		{59E2FD60-9667-41BD-A540-62C2C7F15F38}.Debug|Any CPU.ActiveCfg = Debug|Any CPU
		{59E2FD60-9667-41BD-A540-62C2C7F15F38}.Debug|Any CPU.Build.0 = Debug|Any CPU
		{59E2FD60-9667-41BD-A540-62C2C7F15F38}.Release|Any CPU.ActiveCfg = Release|Any CPU
		{59E2FD60-9667-41BD-A540-62C2C7F15F38}.Release|Any CPU.Build.0 = Release|Any CPU
	EndGlobalSection
	GlobalSection(SolutionProperties) = preSolution
		HideSolutionNode = FALSE
	EndGlobalSection
	GlobalSection(ExtensibilityGlobals) = postSolution
		SolutionGuid = {41058C6F-E2B2-4FFD-9B5B-79AB005B06EA}
	EndGlobalSection
EndGlobal
